
Microsoft Visual Studio Solution File, Format Version 12.00
# Visual Studio 15
VisualStudioVersion = 15.0.27703.2026
MinimumVisualStudioVersion = 10.0.40219.1
Project("{FAE04EC0-301F-11D3-BF4B-00C04F79EFBC}") = "Scoores", "Scoores\Scoores.csproj", "{F66B81E3-0EF8-4579-B684-E8F8754C6ED7}"
EndProject
Project("{FAE04EC0-301F-11D3-BF4B-00C04F79EFBC}") = "Scoores.CoreServices", "Scoores.CoreServices\Scoores.CoreServices.csproj", "{4748CB50-8BAE-4CB0-8A16-1D473C46AC77}"
EndProject
Global
	GlobalSection(SolutionConfigurationPlatforms) = preSolution
		Debug|Any CPU = Debug|Any CPU
		Release|Any CPU = Release|Any CPU
	EndGlobalSection
	GlobalSection(ProjectConfigurationPlatforms) = postSolution
		{F66B81E3-0EF8-4579-B684-E8F8754C6ED7}.Debug|Any CPU.ActiveCfg = Debug|Any CPU
		{F66B81E3-0EF8-4579-B684-E8F8754C6ED7}.Debug|Any CPU.Build.0 = Debug|Any CPU
		{F66B81E3-0EF8-4579-B684-E8F8754C6ED7}.Release|Any CPU.ActiveCfg = Release|Any CPU
		{F66B81E3-0EF8-4579-B684-E8F8754C6ED7}.Release|Any CPU.Build.0 = Release|Any CPU
		{4748CB50-8BAE-4CB0-8A16-1D473C46AC77}.Debug|Any CPU.ActiveCfg = Debug|Any CPU
		{4748CB50-8BAE-4CB0-8A16-1D473C46AC77}.Debug|Any CPU.Build.0 = Debug|Any CPU
		{4748CB50-8BAE-4CB0-8A16-1D473C46AC77}.Release|Any CPU.ActiveCfg = Release|Any CPU
		{4748CB50-8BAE-4CB0-8A16-1D473C46AC77}.Release|Any CPU.Build.0 = Release|Any CPU
	EndGlobalSection
	GlobalSection(SolutionProperties) = preSolution
		HideSolutionNode = FALSE
	EndGlobalSection
	GlobalSection(ExtensibilityGlobals) = postSolution
		SolutionGuid = {DF41A5D7-04D8-427D-9F10-D5E9C137024A}
	EndGlobalSection
EndGlobal
